
Microsoft Visual Studio Solution File, Format Version 12.00
# Visual Studio Version 17
VisualStudioVersion = 17.7.34202.233
MinimumVisualStudioVersion = 10.0.40219.1
Project("{FAE04EC0-301F-11D3-BF4B-00C04F79EFBC}") = "FileSearchEngine", "FileSearchEngine\FileSearchEngine.csproj", "{3EFF831D-25A5-458C-B350-7D4F3A44EE7F}"
EndProject
Global
	GlobalSection(SolutionConfigurationPlatforms) = preSolution
		Debug|Any CPU = Debug|Any CPU
		Release|Any CPU = Release|Any CPU
	EndGlobalSection
	GlobalSection(ProjectConfigurationPlatforms) = postSolution
		{3EFF831D-25A5-458C-B350-7D4F3A44EE7F}.Debug|Any CPU.ActiveCfg = Debug|Any CPU
		{3EFF831D-25A5-458C-B350-7D4F3A44EE7F}.Debug|Any CPU.Build.0 = Debug|Any CPU
		{3EFF831D-25A5-458C-B350-7D4F3A44EE7F}.Release|Any CPU.ActiveCfg = Release|Any CPU
		{3EFF831D-25A5-458C-B350-7D4F3A44EE7F}.Release|Any CPU.Build.0 = Release|Any CPU
	EndGlobalSection
	GlobalSection(SolutionProperties) = preSolution
		HideSolutionNode = FALSE
	EndGlobalSection
	GlobalSection(ExtensibilityGlobals) = postSolution
		SolutionGuid = {4FCFEB23-208C-4041-8B0B-F18C49B8B7BF}
	EndGlobalSection
EndGlobal
